
Microsoft Visual Studio Solution File, Format Version 12.00
Project("{2150E333-8FDC-42A3-9474-1A3956D46DE8}") = "Src", "Src", "{8270F224-4DAB-41F5-A200-FA6DDAB0CEC2}"
EndProject
Project("{FAE04EC0-301F-11D3-BF4B-00C04F79EFBC}") = "InvestCore.QA.Tests", "Src\InvestCore.QA.Tests\InvestCore.QA.Tests.csproj", "{6B82B091-AE54-4E80-8E28-BBABA07F1139}"
EndProject
Global
	GlobalSection(SolutionConfigurationPlatforms) = preSolution
		Debug|Any CPU = Debug|Any CPU
		Release|Any CPU = Release|Any CPU
	EndGlobalSection
	GlobalSection(ProjectConfigurationPlatforms) = postSolution
		{6B82B091-AE54-4E80-8E28-BBABA07F1139}.Debug|Any CPU.ActiveCfg = Debug|Any CPU
		{6B82B091-AE54-4E80-8E28-BBABA07F1139}.Debug|Any CPU.Build.0 = Debug|Any CPU
		{6B82B091-AE54-4E80-8E28-BBABA07F1139}.Release|Any CPU.ActiveCfg = Release|Any CPU
		{6B82B091-AE54-4E80-8E28-BBABA07F1139}.Release|Any CPU.Build.0 = Release|Any CPU
	EndGlobalSection
	GlobalSection(NestedProjects) = preSolution
		{6B82B091-AE54-4E80-8E28-BBABA07F1139} = {8270F224-4DAB-41F5-A200-FA6DDAB0CEC2}
	EndGlobalSection
EndGlobal
